<?xml version="1.0" encoding="utf-8"?>
<Project ToolsVersion="4.0" xmlns="http://schemas.microsoft.com/developer/msbuild/2003">
  <ItemGroup>
    <Filter Include="源文件">
      <UniqueIdentifier>{4FC737F1-C7A5-4376-A066-2A32D752A2FF}</UniqueIdentifier>
      <Extensions>cpp;c;cc;cxx;def;odl;idl;hpj;bat;asm;asmx</Extensions>
    </Filter>
    <Filter Include="头文件">
      <UniqueIdentifier>{93995380-89BD-4b04-88EB-625FBE52EBFB}</UniqueIdentifier>
      <Extensions>h;hh;hpp;hxx;hm;inl;inc;xsd</Extensions>
    </Filter>
    <Filter Include="资源文件">
      <UniqueIdentifier>{67DA6AB6-F800-4c08-8B7A-83BB121AAD01}</UniqueIdentifier>
      <Extensions>rc;ico;cur;bmp;dlg;rc2;rct;bin;rgs;gif;jpg;jpeg;jpe;resx;tiff;tif;png;wav;mfcribbon-ms</Extensions>
    </Filter>
  </ItemGroup>
  <ItemGroup>
    <Text Include="ReadMe.txt" />
  </ItemGroup>
  <ItemGroup>
    <ClInclude Include="stdafx.h">
      <Filter>头文件</Filter>
    </ClInclude>
    <ClInclude Include="targetver.h">
      <Filter>头文件</Filter>
    </ClInclude>
    <ClInclude Include="include\async.h">
      <Filter>头文件</Filter>
    </ClInclude>
    <ClInclude Include="include\dict.h">
      <Filter>头文件</Filter>
    </ClInclude>
    <ClInclude Include="include\EventLog.h">
      <Filter>头文件</Filter>
    </ClInclude>
    <ClInclude Include="include\fmacros.h">
      <Filter>头文件</Filter>
    </ClInclude>
    <ClInclude Include="include\hiredis.h">
      <Filter>头文件</Filter>
    </ClInclude>
    <ClInclude Include="include\net.h">
      <Filter>头文件</Filter>
    </ClInclude>
    <ClInclude Include="include\sds.h">
      <Filter>头文件</Filter>
    </ClInclude>
    <ClInclude Include="include\Win32_ANSI.h">
      <Filter>头文件</Filter>
    </ClInclude>
    <ClInclude Include="include\Win32_APIs.h">
      <Filter>头文件</Filter>
    </ClInclude>
    <ClInclude Include="include\Win32_Assert.h">
      <Filter>头文件</Filter>
    </ClInclude>
    <ClInclude Include="include\Win32_CommandLine.h">
      <Filter>头文件</Filter>
    </ClInclude>
    <ClInclude Include="include\Win32_Common.h">
      <Filter>头文件</Filter>
    </ClInclude>
    <ClInclude Include="include\Win32_dlmalloc.h">
      <Filter>头文件</Filter>
    </ClInclude>
    <ClInclude Include="include\Win32_Error.h">
      <Filter>头文件</Filter>
    </ClInclude>
    <ClInclude Include="include\Win32_EventLog.h">
      <Filter>头文件</Filter>
    </ClInclude>
    <ClInclude Include="include\Win32_FDAPI.h">
      <Filter>头文件</Filter>
    </ClInclude>
    <ClInclude Include="include\Win32_fdapi_crt.h">
      <Filter>头文件</Filter>
    </ClInclude>
    <ClInclude Include="include\win32_hiredis.h">
      <Filter>头文件</Filter>
    </ClInclude>
    <ClInclude Include="include\Win32_Portability.h">
      <Filter>头文件</Filter>
    </ClInclude>
    <ClInclude Include="include\Win32_PThread.h">
      <Filter>头文件</Filter>
    </ClInclude>
    <ClInclude Include="include\Win32_QFork.h">
      <Filter>头文件</Filter>
    </ClInclude>
    <ClInclude Include="include\Win32_QFork_impl.h">
      <Filter>头文件</Filter>
    </ClInclude>
    <ClInclude Include="include\Win32_RedisLog.h">
      <Filter>头文件</Filter>
    </ClInclude>
    <ClInclude Include="include\win32_rfdmap.h">
      <Filter>头文件</Filter>
    </ClInclude>
    <ClInclude Include="include\Win32_Service.h">
      <Filter>头文件</Filter>
    </ClInclude>
    <ClInclude Include="include\Win32_Signal_Process.h">
      <Filter>头文件</Filter>
    </ClInclude>
    <ClInclude Include="include\Win32_SmartHandle.h">
      <Filter>头文件</Filter>
    </ClInclude>
    <ClInclude Include="include\Win32_StackTrace.h">
      <Filter>头文件</Filter>
    </ClInclude>
    <ClInclude Include="include\Win32_ThreadControl.h">
      <Filter>头文件</Filter>
    </ClInclude>
    <ClInclude Include="include\Win32_Time.h">
      <Filter>头文件</Filter>
    </ClInclude>
    <ClInclude Include="include\win32_types.h">
      <Filter>头文件</Filter>
    </ClInclude>
    <ClInclude Include="include\win32_types_hiredis.h">
      <Filter>头文件</Filter>
    </ClInclude>
    <ClInclude Include="include\Win32_variadicFunctor.h">
      <Filter>头文件</Filter>
    </ClInclude>
    <ClInclude Include="include\win32_winapifamily.h">
      <Filter>头文件</Filter>
    </ClInclude>
    <ClInclude Include="include\win32_wsiocp.h">
      <Filter>头文件</Filter>
    </ClInclude>
    <ClInclude Include="include\win32_wsiocp2.h">
      <Filter>头文件</Filter>
    </ClInclude>
    <ClInclude Include="include\win32fixes.h">
      <Filter>头文件</Filter>
    </ClInclude>
    <ClInclude Include="include\WS2tcpip.h">
      <Filter>头文件</Filter>
    </ClInclude>
    <ClInclude Include="include\zmalloc.h">
      <Filter>头文件</Filter>
    </ClInclude>
  </ItemGroup>
  <ItemGroup>
    <ClCompile Include="stdafx.cpp">
      <Filter>源文件</Filter>
    </ClCompile>
    <ClCompile Include="hiredisTest.cpp">
      <Filter>源文件</Filter>
    </ClCompile>
  </ItemGroup>
</Project>